
Microsoft Visual Studio Solution File, Format Version 12.00
# Visual Studio Version 17
VisualStudioVersion = 17.14.36121.58 d17.14
MinimumVisualStudioVersion = 10.0.40219.1
Project("{2150E333-8FDC-42A3-9474-1A3956D46DE8}") = "src", "src", "{ED86D71F-0B39-40B1-ADD5-A726B9207923}"
EndProject
Project("{2150E333-8FDC-42A3-9474-1A3956D46DE8}") = "server", "server", "{5021E570-DEEB-40F6-91DA-0F63027D8849}"
EndProject
Project("{2150E333-8FDC-42A3-9474-1A3956D46DE8}") = "client", "client", "{D93100C1-9782-43FF-81D5-087C58D5A571}"
EndProject
Project("{2150E333-8FDC-42A3-9474-1A3956D46DE8}") = "Core", "Core", "{DAB1B872-636A-4703-AB70-3D05BB52381B}"
EndProject
Project("{2150E333-8FDC-42A3-9474-1A3956D46DE8}") = "Presentation", "Presentation", "{6CCC00BC-004B-49ED-8FD1-BEF71088BC68}"
EndProject
Project("{FAE04EC0-301F-11D3-BF4B-00C04F79EFBC}") = "TherapistDiary.Application", "src\server\Core\TherapistDiary.Application\TherapistDiary.Application.csproj", "{383F77FC-4656-408F-B8A2-B853B2950649}"
EndProject
Project("{FAE04EC0-301F-11D3-BF4B-00C04F79EFBC}") = "TherapistDiary.Domain", "src\server\Core\TherapistDiary.Domain\TherapistDiary.Domain.csproj", "{830E1242-78C1-456A-8148-D73FB0A812D1}"
EndProject
Project("{FAE04EC0-301F-11D3-BF4B-00C04F79EFBC}") = "TherapistDiary.WebAPI", "src\server\Presentation\TherapistDiary.WebAPI\TherapistDiary.WebAPI.csproj", "{BEEF08ED-B75D-42FB-BB00-9C8975A53A21}"
EndProject
Project("{2150E333-8FDC-42A3-9474-1A3956D46DE8}") = "Infrastructure", "Infrastructure", "{A0F62AC8-EFF5-492D-8258-74BA7DE573DE}"
EndProject
Project("{FAE04EC0-301F-11D3-BF4B-00C04F79EFBC}") = "TherapistDiary.Persistence", "src\server\Infrastructure\TherapistDiary.Persistence\TherapistDiary.Persistence.csproj", "{8AA4C1DA-0BD2-4073-A38C-2CFC74482D72}"
EndProject
Project("{FAE04EC0-301F-11D3-BF4B-00C04F79EFBC}") = "TherapistDiary.Infrastructure", "src\server\Infrastructure\TherapistDiary.Infrastructure\TherapistDiary.Infrastructure.csproj", "{B228480D-8080-446C-9578-49B92E0804FF}"
EndProject
Project("{2150E333-8FDC-42A3-9474-1A3956D46DE8}") = "Common", "Common", "{0E36DD8B-CA57-4BD9-91E8-B7E8E7DC9093}"
EndProject
Project("{FAE04EC0-301F-11D3-BF4B-00C04F79EFBC}") = "TherapistDiary.Common", "src\server\Common\TherapistDiary.Common\TherapistDiary.Common.csproj", "{82B99136-DE3A-456C-B4AD-97B505B0977D}"
EndProject
Project("{2150E333-8FDC-42A3-9474-1A3956D46DE8}") = "tests", "tests", "{02EA681E-C7D8-13C7-8484-4AC65E1B71E8}"
EndProject
Project("{FAE04EC0-301F-11D3-BF4B-00C04F79EFBC}") = "TherapistDiary.UnitTests", "tests\server\TherapistDiary.UnitTests\TherapistDiary.UnitTests.csproj", "{5907B4C6-3E8E-4F63-8592-5BFBE329F7AA}"
EndProject
Global
	GlobalSection(SolutionConfigurationPlatforms) = preSolution
		Debug|Any CPU = Debug|Any CPU
		Release|Any CPU = Release|Any CPU
	EndGlobalSection
	GlobalSection(ProjectConfigurationPlatforms) = postSolution
		{383F77FC-4656-408F-B8A2-B853B2950649}.Debug|Any CPU.ActiveCfg = Debug|Any CPU
		{383F77FC-4656-408F-B8A2-B853B2950649}.Debug|Any CPU.Build.0 = Debug|Any CPU
		{383F77FC-4656-408F-B8A2-B853B2950649}.Release|Any CPU.ActiveCfg = Release|Any CPU
		{383F77FC-4656-408F-B8A2-B853B2950649}.Release|Any CPU.Build.0 = Release|Any CPU
		{830E1242-78C1-456A-8148-D73FB0A812D1}.Debug|Any CPU.ActiveCfg = Debug|Any CPU
		{830E1242-78C1-456A-8148-D73FB0A812D1}.Debug|Any CPU.Build.0 = Debug|Any CPU
		{830E1242-78C1-456A-8148-D73FB0A812D1}.Release|Any CPU.ActiveCfg = Release|Any CPU
		{830E1242-78C1-456A-8148-D73FB0A812D1}.Release|Any CPU.Build.0 = Release|Any CPU
		{BEEF08ED-B75D-42FB-BB00-9C8975A53A21}.Debug|Any CPU.ActiveCfg = Debug|Any CPU
		{BEEF08ED-B75D-42FB-BB00-9C8975A53A21}.Debug|Any CPU.Build.0 = Debug|Any CPU
		{BEEF08ED-B75D-42FB-BB00-9C8975A53A21}.Release|Any CPU.ActiveCfg = Release|Any CPU
		{BEEF08ED-B75D-42FB-BB00-9C8975A53A21}.Release|Any CPU.Build.0 = Release|Any CPU
		{8AA4C1DA-0BD2-4073-A38C-2CFC74482D72}.Debug|Any CPU.ActiveCfg = Debug|Any CPU
		{8AA4C1DA-0BD2-4073-A38C-2CFC74482D72}.Debug|Any CPU.Build.0 = Debug|Any CPU
		{8AA4C1DA-0BD2-4073-A38C-2CFC74482D72}.Release|Any CPU.ActiveCfg = Release|Any CPU
		{8AA4C1DA-0BD2-4073-A38C-2CFC74482D72}.Release|Any CPU.Build.0 = Release|Any CPU
		{B228480D-8080-446C-9578-49B92E0804FF}.Debug|Any CPU.ActiveCfg = Debug|Any CPU
		{B228480D-8080-446C-9578-49B92E0804FF}.Debug|Any CPU.Build.0 = Debug|Any CPU
		{B228480D-8080-446C-9578-49B92E0804FF}.Release|Any CPU.ActiveCfg = Release|Any CPU
		{B228480D-8080-446C-9578-49B92E0804FF}.Release|Any CPU.Build.0 = Release|Any CPU
		{82B99136-DE3A-456C-B4AD-97B505B0977D}.Debug|Any CPU.ActiveCfg = Debug|Any CPU
		{82B99136-DE3A-456C-B4AD-97B505B0977D}.Debug|Any CPU.Build.0 = Debug|Any CPU
		{82B99136-DE3A-456C-B4AD-97B505B0977D}.Release|Any CPU.ActiveCfg = Release|Any CPU
		{82B99136-DE3A-456C-B4AD-97B505B0977D}.Release|Any CPU.Build.0 = Release|Any CPU
		{5907B4C6-3E8E-4F63-8592-5BFBE329F7AA}.Debug|Any CPU.ActiveCfg = Debug|Any CPU
		{5907B4C6-3E8E-4F63-8592-5BFBE329F7AA}.Debug|Any CPU.Build.0 = Debug|Any CPU
		{5907B4C6-3E8E-4F63-8592-5BFBE329F7AA}.Release|Any CPU.ActiveCfg = Release|Any CPU
		{5907B4C6-3E8E-4F63-8592-5BFBE329F7AA}.Release|Any CPU.Build.0 = Release|Any CPU
	EndGlobalSection
	GlobalSection(SolutionProperties) = preSolution
		HideSolutionNode = FALSE
	EndGlobalSection
	GlobalSection(NestedProjects) = preSolution
		{5021E570-DEEB-40F6-91DA-0F63027D8849} = {ED86D71F-0B39-40B1-ADD5-A726B9207923}
		{D93100C1-9782-43FF-81D5-087C58D5A571} = {ED86D71F-0B39-40B1-ADD5-A726B9207923}
		{DAB1B872-636A-4703-AB70-3D05BB52381B} = {5021E570-DEEB-40F6-91DA-0F63027D8849}
		{6CCC00BC-004B-49ED-8FD1-BEF71088BC68} = {5021E570-DEEB-40F6-91DA-0F63027D8849}
		{383F77FC-4656-408F-B8A2-B853B2950649} = {DAB1B872-636A-4703-AB70-3D05BB52381B}
		{830E1242-78C1-456A-8148-D73FB0A812D1} = {DAB1B872-636A-4703-AB70-3D05BB52381B}
		{BEEF08ED-B75D-42FB-BB00-9C8975A53A21} = {6CCC00BC-004B-49ED-8FD1-BEF71088BC68}
		{A0F62AC8-EFF5-492D-8258-74BA7DE573DE} = {5021E570-DEEB-40F6-91DA-0F63027D8849}
		{8AA4C1DA-0BD2-4073-A38C-2CFC74482D72} = {A0F62AC8-EFF5-492D-8258-74BA7DE573DE}
		{B228480D-8080-446C-9578-49B92E0804FF} = {A0F62AC8-EFF5-492D-8258-74BA7DE573DE}
		{0E36DD8B-CA57-4BD9-91E8-B7E8E7DC9093} = {5021E570-DEEB-40F6-91DA-0F63027D8849}
		{82B99136-DE3A-456C-B4AD-97B505B0977D} = {0E36DD8B-CA57-4BD9-91E8-B7E8E7DC9093}
		{5907B4C6-3E8E-4F63-8592-5BFBE329F7AA} = {02EA681E-C7D8-13C7-8484-4AC65E1B71E8}
	EndGlobalSection
	GlobalSection(ExtensibilityGlobals) = postSolution
		SolutionGuid = {A3906898-AD61-48F9-A5B7-13AE66187588}
	EndGlobalSection
EndGlobal
