
Microsoft Visual Studio Solution File, Format Version 12.00
# Visual Studio Version 17
VisualStudioVersion = 17.14.36121.58 d17.14
MinimumVisualStudioVersion = 10.0.40219.1
Project("{2150E333-8FDC-42A3-9474-1A3956D46DE8}") = "src", "src", "{ED86D71F-0B39-40B1-ADD5-A726B9207923}"
EndProject
Project("{2150E333-8FDC-42A3-9474-1A3956D46DE8}") = "Core", "Core", "{DAB1B872-636A-4703-AB70-3D05BB52381B}"
EndProject
Project("{2150E333-8FDC-42A3-9474-1A3956D46DE8}") = "Presentation", "Presentation", "{6CCC00BC-004B-49ED-8FD1-BEF71088BC68}"
EndProject
Project("{2150E333-8FDC-42A3-9474-1A3956D46DE8}") = "Infrastructure", "Infrastructure", "{A0F62AC8-EFF5-492D-8258-74BA7DE573DE}"
EndProject
Project("{2150E333-8FDC-42A3-9474-1A3956D46DE8}") = "Common", "Common", "{0E36DD8B-CA57-4BD9-91E8-B7E8E7DC9093}"
EndProject
Project("{2150E333-8FDC-42A3-9474-1A3956D46DE8}") = "tests", "tests", "{02EA681E-C7D8-13C7-8484-4AC65E1B71E8}"
EndProject
Project("{FAE04EC0-301F-11D3-BF4B-00C04F79EFBC}") = "TherapistDiary.UnitTests", "tests\server\TherapistDiary.UnitTests\TherapistDiary.UnitTests.csproj", "{5907B4C6-3E8E-4F63-8592-5BFBE329F7AA}"
EndProject
Project("{FAE04EC0-301F-11D3-BF4B-00C04F79EFBC}") = "TherapistDiary.Common", "src\Common\TherapistDiary.Common\TherapistDiary.Common.csproj", "{C6B8D5BA-29A9-4290-A4F7-A739CA74E2DF}"
EndProject
Project("{FAE04EC0-301F-11D3-BF4B-00C04F79EFBC}") = "TherapistDiary.Application", "src\Core\TherapistDiary.Application\TherapistDiary.Application.csproj", "{631908F9-D6F2-454E-93EB-A945426E872E}"
EndProject
Project("{FAE04EC0-301F-11D3-BF4B-00C04F79EFBC}") = "TherapistDiary.Domain", "src\Core\TherapistDiary.Domain\TherapistDiary.Domain.csproj", "{7FE7DFFC-2A5B-4BBE-84A7-7BD9C096ED94}"
EndProject
Project("{FAE04EC0-301F-11D3-BF4B-00C04F79EFBC}") = "TherapistDiary.Infrastructure", "src\Infrastructure\TherapistDiary.Infrastructure\TherapistDiary.Infrastructure.csproj", "{311B6996-C4CD-45CC-9B52-27A07A855B51}"
EndProject
Project("{FAE04EC0-301F-11D3-BF4B-00C04F79EFBC}") = "TherapistDiary.Persistence", "src\Infrastructure\TherapistDiary.Persistence\TherapistDiary.Persistence.csproj", "{8A95D4A7-DDA5-40F5-B0ED-5D7753AC3FED}"
EndProject
Project("{FAE04EC0-301F-11D3-BF4B-00C04F79EFBC}") = "TherapistDiary.WebAPI", "src\Presentation\TherapistDiary.WebAPI\TherapistDiary.WebAPI.csproj", "{FA73A1E8-72C1-4141-8307-76D4811BB7E9}"
EndProject
Global
	GlobalSection(SolutionConfigurationPlatforms) = preSolution
		Debug|Any CPU = Debug|Any CPU
		Release|Any CPU = Release|Any CPU
	EndGlobalSection
	GlobalSection(ProjectConfigurationPlatforms) = postSolution
		{5907B4C6-3E8E-4F63-8592-5BFBE329F7AA}.Debug|Any CPU.ActiveCfg = Debug|Any CPU
		{5907B4C6-3E8E-4F63-8592-5BFBE329F7AA}.Debug|Any CPU.Build.0 = Debug|Any CPU
		{5907B4C6-3E8E-4F63-8592-5BFBE329F7AA}.Release|Any CPU.ActiveCfg = Release|Any CPU
		{5907B4C6-3E8E-4F63-8592-5BFBE329F7AA}.Release|Any CPU.Build.0 = Release|Any CPU
		{C6B8D5BA-29A9-4290-A4F7-A739CA74E2DF}.Debug|Any CPU.ActiveCfg = Debug|Any CPU
		{C6B8D5BA-29A9-4290-A4F7-A739CA74E2DF}.Debug|Any CPU.Build.0 = Debug|Any CPU
		{C6B8D5BA-29A9-4290-A4F7-A739CA74E2DF}.Release|Any CPU.ActiveCfg = Release|Any CPU
		{C6B8D5BA-29A9-4290-A4F7-A739CA74E2DF}.Release|Any CPU.Build.0 = Release|Any CPU
		{631908F9-D6F2-454E-93EB-A945426E872E}.Debug|Any CPU.ActiveCfg = Debug|Any CPU
		{631908F9-D6F2-454E-93EB-A945426E872E}.Debug|Any CPU.Build.0 = Debug|Any CPU
		{631908F9-D6F2-454E-93EB-A945426E872E}.Release|Any CPU.ActiveCfg = Release|Any CPU
		{631908F9-D6F2-454E-93EB-A945426E872E}.Release|Any CPU.Build.0 = Release|Any CPU
		{7FE7DFFC-2A5B-4BBE-84A7-7BD9C096ED94}.Debug|Any CPU.ActiveCfg = Debug|Any CPU
		{7FE7DFFC-2A5B-4BBE-84A7-7BD9C096ED94}.Debug|Any CPU.Build.0 = Debug|Any CPU
		{7FE7DFFC-2A5B-4BBE-84A7-7BD9C096ED94}.Release|Any CPU.ActiveCfg = Release|Any CPU
		{7FE7DFFC-2A5B-4BBE-84A7-7BD9C096ED94}.Release|Any CPU.Build.0 = Release|Any CPU
		{311B6996-C4CD-45CC-9B52-27A07A855B51}.Debug|Any CPU.ActiveCfg = Debug|Any CPU
		{311B6996-C4CD-45CC-9B52-27A07A855B51}.Debug|Any CPU.Build.0 = Debug|Any CPU
		{311B6996-C4CD-45CC-9B52-27A07A855B51}.Release|Any CPU.ActiveCfg = Release|Any CPU
		{311B6996-C4CD-45CC-9B52-27A07A855B51}.Release|Any CPU.Build.0 = Release|Any CPU
		{8A95D4A7-DDA5-40F5-B0ED-5D7753AC3FED}.Debug|Any CPU.ActiveCfg = Debug|Any CPU
		{8A95D4A7-DDA5-40F5-B0ED-5D7753AC3FED}.Debug|Any CPU.Build.0 = Debug|Any CPU
		{8A95D4A7-DDA5-40F5-B0ED-5D7753AC3FED}.Release|Any CPU.ActiveCfg = Release|Any CPU
		{8A95D4A7-DDA5-40F5-B0ED-5D7753AC3FED}.Release|Any CPU.Build.0 = Release|Any CPU
		{FA73A1E8-72C1-4141-8307-76D4811BB7E9}.Debug|Any CPU.ActiveCfg = Debug|Any CPU
		{FA73A1E8-72C1-4141-8307-76D4811BB7E9}.Debug|Any CPU.Build.0 = Debug|Any CPU
		{FA73A1E8-72C1-4141-8307-76D4811BB7E9}.Release|Any CPU.ActiveCfg = Release|Any CPU
		{FA73A1E8-72C1-4141-8307-76D4811BB7E9}.Release|Any CPU.Build.0 = Release|Any CPU
	EndGlobalSection
	GlobalSection(SolutionProperties) = preSolution
		HideSolutionNode = FALSE
	EndGlobalSection
	GlobalSection(NestedProjects) = preSolution
		{5907B4C6-3E8E-4F63-8592-5BFBE329F7AA} = {02EA681E-C7D8-13C7-8484-4AC65E1B71E8}
		{0E36DD8B-CA57-4BD9-91E8-B7E8E7DC9093} = {ED86D71F-0B39-40B1-ADD5-A726B9207923}
		{DAB1B872-636A-4703-AB70-3D05BB52381B} = {ED86D71F-0B39-40B1-ADD5-A726B9207923}
		{A0F62AC8-EFF5-492D-8258-74BA7DE573DE} = {ED86D71F-0B39-40B1-ADD5-A726B9207923}
		{6CCC00BC-004B-49ED-8FD1-BEF71088BC68} = {ED86D71F-0B39-40B1-ADD5-A726B9207923}
		{C6B8D5BA-29A9-4290-A4F7-A739CA74E2DF} = {0E36DD8B-CA57-4BD9-91E8-B7E8E7DC9093}
		{631908F9-D6F2-454E-93EB-A945426E872E} = {DAB1B872-636A-4703-AB70-3D05BB52381B}
		{7FE7DFFC-2A5B-4BBE-84A7-7BD9C096ED94} = {DAB1B872-636A-4703-AB70-3D05BB52381B}
		{311B6996-C4CD-45CC-9B52-27A07A855B51} = {A0F62AC8-EFF5-492D-8258-74BA7DE573DE}
		{8A95D4A7-DDA5-40F5-B0ED-5D7753AC3FED} = {A0F62AC8-EFF5-492D-8258-74BA7DE573DE}
		{FA73A1E8-72C1-4141-8307-76D4811BB7E9} = {6CCC00BC-004B-49ED-8FD1-BEF71088BC68}
	EndGlobalSection
	GlobalSection(ExtensibilityGlobals) = postSolution
		SolutionGuid = {A3906898-AD61-48F9-A5B7-13AE66187588}
	EndGlobalSection
EndGlobal
